
Microsoft Visual Studio Solution File, Format Version 12.00
# Visual Studio 15
VisualStudioVersion = 15.0.28307.852
MinimumVisualStudioVersion = 10.0.40219.1
Project("{FAE04EC0-301F-11D3-BF4B-00C04F79EFBC}") = "TicTacToeServerPlugin", "TicTacToeServerPlugin\TicTacToeServerPlugin.csproj", "{11234217-DC40-4B1F-8AB8-C901567FD3C1}"
EndProject
Global
	GlobalSection(SolutionConfigurationPlatforms) = preSolution
		Debug|Any CPU = Debug|Any CPU
		Release|Any CPU = Release|Any CPU
	EndGlobalSection
	GlobalSection(ProjectConfigurationPlatforms) = postSolution
		{11234217-DC40-4B1F-8AB8-C901567FD3C1}.Debug|Any CPU.ActiveCfg = Debug|Any CPU
		{11234217-DC40-4B1F-8AB8-C901567FD3C1}.Debug|Any CPU.Build.0 = Debug|Any CPU
		{11234217-DC40-4B1F-8AB8-C901567FD3C1}.Release|Any CPU.ActiveCfg = Release|Any CPU
		{11234217-DC40-4B1F-8AB8-C901567FD3C1}.Release|Any CPU.Build.0 = Release|Any CPU
	EndGlobalSection
	GlobalSection(SolutionProperties) = preSolution
		HideSolutionNode = FALSE
	EndGlobalSection
	GlobalSection(ExtensibilityGlobals) = postSolution
		SolutionGuid = {E03A9169-9D40-4D62-A456-7F5B4C73A710}
	EndGlobalSection
EndGlobal
